
Microsoft Visual Studio Solution File, Format Version 12.00
# Visual Studio 14
VisualStudioVersion = 14.0.23107.0
MinimumVisualStudioVersion = 10.0.40219.1
Project("{FAE04EC0-301F-11D3-BF4B-00C04F79EFBC}") = "VoxaliaShared", "Voxalia\VoxaliaShared.csproj", "{EE5A02F5-5105-4B5F-8580-1E8F6E091776}"
EndProject
Project("{FAE04EC0-301F-11D3-BF4B-00C04F79EFBC}") = "VoxaliaClient", "Voxalia\VoxaliaClient.csproj", "{EE5A02F5-5105-4B5F-8580-1E8F6E091774}"
EndProject
Project("{FAE04EC0-301F-11D3-BF4B-00C04F79EFBC}") = "VoxaliaServer", "Voxalia\VoxaliaServer.csproj", "{EE5A02F5-5105-4B5F-8580-1E8F6E091775}"
EndProject
Project("{FAE04EC0-301F-11D3-BF4B-00C04F79EFBC}") = "Voxalia", "Voxalia\Voxalia.csproj", "{EE5A02F5-5105-4B5F-8580-1E8F6E091773}"
EndProject
Project("{FAE04EC0-301F-11D3-BF4B-00C04F79EFBC}") = "VoxaliaServerExe", "Voxalia\VoxaliaServerExe.csproj", "{EE5A02F5-5105-4B5F-8580-1E8F6E091779}"
EndProject
Global
	GlobalSection(SolutionConfigurationPlatforms) = preSolution
		Release|x64 = Release|x64
		zDebug|x64 = zDebug|x64
	EndGlobalSection
	GlobalSection(ProjectConfigurationPlatforms) = postSolution
		{EE5A02F5-5105-4B5F-8580-1E8F6E091776}.Release|x64.ActiveCfg = Release|Any CPU
		{EE5A02F5-5105-4B5F-8580-1E8F6E091776}.Release|x64.Build.0 = Release|Any CPU
		{EE5A02F5-5105-4B5F-8580-1E8F6E091776}.zDebug|x64.ActiveCfg = zDebug|Any CPU
		{EE5A02F5-5105-4B5F-8580-1E8F6E091776}.zDebug|x64.Build.0 = zDebug|Any CPU
		{EE5A02F5-5105-4B5F-8580-1E8F6E091774}.Release|x64.ActiveCfg = Release|Any CPU
		{EE5A02F5-5105-4B5F-8580-1E8F6E091774}.Release|x64.Build.0 = Release|Any CPU
		{EE5A02F5-5105-4B5F-8580-1E8F6E091774}.zDebug|x64.ActiveCfg = zDebug|Any CPU
		{EE5A02F5-5105-4B5F-8580-1E8F6E091774}.zDebug|x64.Build.0 = zDebug|Any CPU
		{EE5A02F5-5105-4B5F-8580-1E8F6E091775}.Release|x64.ActiveCfg = Release|Any CPU
		{EE5A02F5-5105-4B5F-8580-1E8F6E091775}.Release|x64.Build.0 = Release|Any CPU
		{EE5A02F5-5105-4B5F-8580-1E8F6E091775}.zDebug|x64.ActiveCfg = zDebug|Any CPU
		{EE5A02F5-5105-4B5F-8580-1E8F6E091775}.zDebug|x64.Build.0 = zDebug|Any CPU
		{EE5A02F5-5105-4B5F-8580-1E8F6E091773}.Release|x64.ActiveCfg = Release|x64
		{EE5A02F5-5105-4B5F-8580-1E8F6E091773}.Release|x64.Build.0 = Release|x64
		{EE5A02F5-5105-4B5F-8580-1E8F6E091773}.zDebug|x64.ActiveCfg = zDebug|x64
		{EE5A02F5-5105-4B5F-8580-1E8F6E091773}.zDebug|x64.Build.0 = zDebug|x64
		{EE5A02F5-5105-4B5F-8580-1E8F6E091779}.Release|x64.ActiveCfg = Release|x64
		{EE5A02F5-5105-4B5F-8580-1E8F6E091779}.Release|x64.Build.0 = Release|x64
		{EE5A02F5-5105-4B5F-8580-1E8F6E091779}.zDebug|x64.ActiveCfg = zDebug|x64
		{EE5A02F5-5105-4B5F-8580-1E8F6E091779}.zDebug|x64.Build.0 = zDebug|x64
	EndGlobalSection
	GlobalSection(SolutionProperties) = preSolution
		HideSolutionNode = FALSE
	EndGlobalSection
EndGlobal
